
Microsoft Visual Studio Solution File, Format Version 12.00
# Visual Studio Version 16
VisualStudioVersion = 16.0.30717.126
MinimumVisualStudioVersion = 10.0.40219.1
Project("{8BC9CEB8-8B4A-11D0-8D11-00A0C91BC942}") = "1.7", "1.7\1.7.vcxproj", "{B431BBBA-689C-43A3-8EC7-111F8B48D207}"
EndProject
Project("{8BC9CEB8-8B4A-11D0-8D11-00A0C91BC942}") = "UnitTest1.7", "UnitTest1.7\UnitTest1.7.vcxproj", "{87C2921D-826F-4A1A-969E-A2084D0A2863}"
EndProject
Global
	GlobalSection(SolutionConfigurationPlatforms) = preSolution
		Debug|x64 = Debug|x64
		Debug|x86 = Debug|x86
		Release|x64 = Release|x64
		Release|x86 = Release|x86
	EndGlobalSection
	GlobalSection(ProjectConfigurationPlatforms) = postSolution
		{B431BBBA-689C-43A3-8EC7-111F8B48D207}.Debug|x64.ActiveCfg = Debug|x64
		{B431BBBA-689C-43A3-8EC7-111F8B48D207}.Debug|x64.Build.0 = Debug|x64
		{B431BBBA-689C-43A3-8EC7-111F8B48D207}.Debug|x86.ActiveCfg = Debug|Win32
		{B431BBBA-689C-43A3-8EC7-111F8B48D207}.Debug|x86.Build.0 = Debug|Win32
		{B431BBBA-689C-43A3-8EC7-111F8B48D207}.Release|x64.ActiveCfg = Release|x64
		{B431BBBA-689C-43A3-8EC7-111F8B48D207}.Release|x64.Build.0 = Release|x64
		{B431BBBA-689C-43A3-8EC7-111F8B48D207}.Release|x86.ActiveCfg = Release|Win32
		{B431BBBA-689C-43A3-8EC7-111F8B48D207}.Release|x86.Build.0 = Release|Win32
		{87C2921D-826F-4A1A-969E-A2084D0A2863}.Debug|x64.ActiveCfg = Debug|x64
		{87C2921D-826F-4A1A-969E-A2084D0A2863}.Debug|x64.Build.0 = Debug|x64
		{87C2921D-826F-4A1A-969E-A2084D0A2863}.Debug|x86.ActiveCfg = Debug|Win32
		{87C2921D-826F-4A1A-969E-A2084D0A2863}.Debug|x86.Build.0 = Debug|Win32
		{87C2921D-826F-4A1A-969E-A2084D0A2863}.Release|x64.ActiveCfg = Release|x64
		{87C2921D-826F-4A1A-969E-A2084D0A2863}.Release|x64.Build.0 = Release|x64
		{87C2921D-826F-4A1A-969E-A2084D0A2863}.Release|x86.ActiveCfg = Release|Win32
		{87C2921D-826F-4A1A-969E-A2084D0A2863}.Release|x86.Build.0 = Release|Win32
	EndGlobalSection
	GlobalSection(SolutionProperties) = preSolution
		HideSolutionNode = FALSE
	EndGlobalSection
	GlobalSection(ExtensibilityGlobals) = postSolution
		SolutionGuid = {57CFD548-3F18-4BD5-B102-AA10EE8E225E}
	EndGlobalSection
EndGlobal
